
Microsoft Visual Studio Solution File, Format Version 12.00
# Visual Studio Version 17
VisualStudioVersion = 17.8.34330.188
MinimumVisualStudioVersion = 10.0.40219.1
Project("{FAE04EC0-301F-11D3-BF4B-00C04F79EFBC}") = "TESTPP01", "TESTPP01\TESTPP01.csproj", "{052BB529-AE94-4E83-B42E-E668925B82A6}"
EndProject
Project("{FAE04EC0-301F-11D3-BF4B-00C04F79EFBC}") = "CoffeeShop", "..\PP01\Desktop\CoffeeShop\CoffeeShop\CoffeeShop.csproj", "{E3185719-B8B4-4D19-8CA3-4027F6584B9A}"
EndProject
Global
	GlobalSection(SolutionConfigurationPlatforms) = preSolution
		Debug|Any CPU = Debug|Any CPU
		Release|Any CPU = Release|Any CPU
	EndGlobalSection
	GlobalSection(ProjectConfigurationPlatforms) = postSolution
		{052BB529-AE94-4E83-B42E-E668925B82A6}.Debug|Any CPU.ActiveCfg = Debug|Any CPU
		{052BB529-AE94-4E83-B42E-E668925B82A6}.Debug|Any CPU.Build.0 = Debug|Any CPU
		{052BB529-AE94-4E83-B42E-E668925B82A6}.Release|Any CPU.ActiveCfg = Release|Any CPU
		{052BB529-AE94-4E83-B42E-E668925B82A6}.Release|Any CPU.Build.0 = Release|Any CPU
		{E3185719-B8B4-4D19-8CA3-4027F6584B9A}.Debug|Any CPU.ActiveCfg = Debug|Any CPU
		{E3185719-B8B4-4D19-8CA3-4027F6584B9A}.Debug|Any CPU.Build.0 = Debug|Any CPU
		{E3185719-B8B4-4D19-8CA3-4027F6584B9A}.Release|Any CPU.ActiveCfg = Release|Any CPU
		{E3185719-B8B4-4D19-8CA3-4027F6584B9A}.Release|Any CPU.Build.0 = Release|Any CPU
	EndGlobalSection
	GlobalSection(SolutionProperties) = preSolution
		HideSolutionNode = FALSE
	EndGlobalSection
	GlobalSection(ExtensibilityGlobals) = postSolution
		SolutionGuid = {69CECE3D-1C62-4C01-A9B1-63CEBB731B4F}
	EndGlobalSection
EndGlobal
